
Microsoft Visual Studio Solution File, Format Version 12.00
# Visual Studio Version 17
VisualStudioVersion = 17.5.002.0
MinimumVisualStudioVersion = 10.0.40219.1
Project("{9A19103F-16F7-4668-BE54-9A1E7A4F7556}") = "Intro", "Intro.csproj", "{6B64C9E1-A6BB-430A-8E71-106E78B93658}"
EndProject
Global
	GlobalSection(SolutionConfigurationPlatforms) = preSolution
		Debug|Any CPU = Debug|Any CPU
		Release|Any CPU = Release|Any CPU
	EndGlobalSection
	GlobalSection(ProjectConfigurationPlatforms) = postSolution
		{6B64C9E1-A6BB-430A-8E71-106E78B93658}.Debug|Any CPU.ActiveCfg = Debug|Any CPU
		{6B64C9E1-A6BB-430A-8E71-106E78B93658}.Debug|Any CPU.Build.0 = Debug|Any CPU
		{6B64C9E1-A6BB-430A-8E71-106E78B93658}.Release|Any CPU.ActiveCfg = Release|Any CPU
		{6B64C9E1-A6BB-430A-8E71-106E78B93658}.Release|Any CPU.Build.0 = Release|Any CPU
	EndGlobalSection
	GlobalSection(SolutionProperties) = preSolution
		HideSolutionNode = FALSE
	EndGlobalSection
	GlobalSection(ExtensibilityGlobals) = postSolution
		SolutionGuid = {921735CB-D7EE-4012-9EC2-C301DAC05079}
	EndGlobalSection
EndGlobal
